Microsoft Visual Studio Solution File, Format Version 11.00
# Visual Studio 2008

Project("{2C92DCAE-1287-82B3-C792-210ABE687B80}") = "Project Aosta 2", "Assembly-CSharp-firstpass-vs.csproj", "{54FB8B6B-B021-E8DB-DEE8-22D5F67EF027}"
EndProject
Project("{2C92DCAE-1287-82B3-C792-210ABE687B80}") = "Project Aosta 2", "Assembly-CSharp-vs.csproj", "{7D04991B-87F8-B9A4-3E1A-AE0A7C90007B}"
EndProject
Project("{2C92DCAE-1287-82B3-C792-210ABE687B80}") = "Project Aosta 2", "Assembly-CSharp-Editor-vs.csproj", "{1BF914B1-F307-ECF2-9037-EFBC2A9184F7}"
EndProject
Global
	GlobalSection(SolutionConfigurationPlatforms) = preSolution
		Debug|Any CPU = Debug|Any CPU
		Release|Any CPU = Release|Any CPU
	EndGlobalSection
	GlobalSection(ProjectConfigurationPlatforms) = postSolution
		{54FB8B6B-B021-E8DB-DEE8-22D5F67EF027}.Debug|Any CPU.ActiveCfg = Debug|Any CPU
		{54FB8B6B-B021-E8DB-DEE8-22D5F67EF027}.Debug|Any CPU.Build.0 = Debug|Any CPU
		{54FB8B6B-B021-E8DB-DEE8-22D5F67EF027}.Release|Any CPU.ActiveCfg = Release|Any CPU
		{54FB8B6B-B021-E8DB-DEE8-22D5F67EF027}.Release|Any CPU.Build.0 = Release|Any CPU
		{7D04991B-87F8-B9A4-3E1A-AE0A7C90007B}.Debug|Any CPU.ActiveCfg = Debug|Any CPU
		{7D04991B-87F8-B9A4-3E1A-AE0A7C90007B}.Debug|Any CPU.Build.0 = Debug|Any CPU
		{7D04991B-87F8-B9A4-3E1A-AE0A7C90007B}.Release|Any CPU.ActiveCfg = Release|Any CPU
		{7D04991B-87F8-B9A4-3E1A-AE0A7C90007B}.Release|Any CPU.Build.0 = Release|Any CPU
		{1BF914B1-F307-ECF2-9037-EFBC2A9184F7}.Debug|Any CPU.ActiveCfg = Debug|Any CPU
		{1BF914B1-F307-ECF2-9037-EFBC2A9184F7}.Debug|Any CPU.Build.0 = Debug|Any CPU
		{1BF914B1-F307-ECF2-9037-EFBC2A9184F7}.Release|Any CPU.ActiveCfg = Release|Any CPU
		{1BF914B1-F307-ECF2-9037-EFBC2A9184F7}.Release|Any CPU.Build.0 = Release|Any CPU
	EndGlobalSection
	GlobalSection(SolutionProperties) = preSolution
		HideSolutionNode = FALSE
	EndGlobalSection
																																																																																																																																																				GlobalSection(MonoDevelopProperties) = preSolution
		StartupItem = Assembly-CSharp.csproj
		Policies = $0
		$0.TextStylePolicy = $1
		$1.inheritsSet = null
		$1.scope = text/x-csharp
		$0.CSharpFormattingPolicy = $2
		$2.inheritsSet = Mono
		$2.inheritsScope = text/x-csharp
		$2.scope = text/x-csharp
		$0.TextStylePolicy = $3
		$3.FileWidth = 120
		$3.TabWidth = 4
		$3.IndentWidth = 4
		$3.EolMarker = Unix
		$3.inheritsSet = Mono
		$3.inheritsScope = text/plain
		$3.scope = text/plain
	EndGlobalSection

EndGlobal
